
Microsoft Visual Studio Solution File, Format Version 12.00
# Visual Studio Version 17
VisualStudioVersion = 17.11.35219.272
MinimumVisualStudioVersion = 10.0.40219.1
Project("{FAE04EC0-301F-11D3-BF4B-00C04F79EFBC}") = "ComputerVision", "ComputerVision.csproj", "{77D88467-9D3C-4FB7-A2A8-9727F673302E}"
EndProject
Global
	GlobalSection(SolutionConfigurationPlatforms) = preSolution
		Debug|Any CPU = Debug|Any CPU
		Release|Any CPU = Release|Any CPU
	EndGlobalSection
	GlobalSection(ProjectConfigurationPlatforms) = postSolution
		{77D88467-9D3C-4FB7-A2A8-9727F673302E}.Debug|Any CPU.ActiveCfg = Debug|Any CPU
		{77D88467-9D3C-4FB7-A2A8-9727F673302E}.Debug|Any CPU.Build.0 = Debug|Any CPU
		{77D88467-9D3C-4FB7-A2A8-9727F673302E}.Release|Any CPU.ActiveCfg = Release|Any CPU
		{77D88467-9D3C-4FB7-A2A8-9727F673302E}.Release|Any CPU.Build.0 = Release|Any CPU
	EndGlobalSection
	GlobalSection(SolutionProperties) = preSolution
		HideSolutionNode = FALSE
	EndGlobalSection
	GlobalSection(ExtensibilityGlobals) = postSolution
		SolutionGuid = {8CD5B6D8-7A13-4450-BF1D-0CF464A2B3EC}
	EndGlobalSection
EndGlobal
